// !$*UTF8*$!
{
	archiveVersion = 1;
	classes = {
	};
	objectVersion = 50;
	objects = {

/* Begin PBXBuildFile section */
		04F3AF9D20D7F7C10044FBE2 /* AppDelegate.swift in Sources */ = {isa = PBXBuildFile; fileRef = 04F3AF9C20D7F7C10044FBE2 /* AppDelegate.swift */; };
		04F3AF9F20D7F7C10044FBE2 /* ViewController.swift in Sources */ = {isa = PBXBuildFile; fileRef = 04F3AF9E20D7F7C10044FBE2 /* ViewController.swift */; };
		04F3AFA220D7F7C10044FBE2 /* Main.storyboard in Resources */ = {isa = PBXBuildFile; fileRef = 04F3AFA020D7F7C10044FBE2 /* Main.storyboard */; };
		04F3AFA720D7F7C20044FBE2 /* LaunchScreen.storyboard in Resources */ = {isa = PBXBuildFile; fileRef = 04F3AFA520D7F7C20044FBE2 /* LaunchScreen.storyboard */; };
		04F3AFB220D7F7C20044FBE2 /* DouYuZBTests.swift in Sources */ = {isa = PBXBuildFile; fileRef = 04F3AFB120D7F7C20044FBE2 /* DouYuZBTests.swift */; };
		04F3AFBD20D7F7C20044FBE2 /* DouYuZBUITests.swift in Sources */ = {isa = PBXBuildFile; fileRef = 04F3AFBC20D7F7C20044FBE2 /* DouYuZBUITests.swift */; };
		FA0D8CEC20D89AC2006B1722 /* Assets.xcassets in Resources */ = {isa = PBXBuildFile; fileRef = FA0D8CEB20D89AC2006B1722 /* Assets.xcassets */; };
/* End PBXBuildFile section */

/* Begin PBXContainerItemProxy section */
		04F3AFAE20D7F7C20044FBE2 /* PBXContainerItemProxy */ = {
			isa = PBXContainerItemProxy;
			containerPortal = 04F3AF9120D7F7C10044FBE2 /* Project object */;
			proxyType = 1;
			remoteGlobalIDString = 04F3AF9820D7F7C10044FBE2;
			remoteInfo = DouYuZB;
		};
		04F3AFB920D7F7C20044FBE2 /* PBXContainerItemProxy */ = {
			isa = PBXContainerItemProxy;
			containerPortal = 04F3AF9120D7F7C10044FBE2 /* Project object */;
			proxyType = 1;
			remoteGlobalIDString = 04F3AF9820D7F7C10044FBE2;
			remoteInfo = DouYuZB;
		};
/* End PBXContainerItemProxy section */

/* Begin PBXFileReference section */
		04F3AF9920D7F7C10044FBE2 /* DouYuZB.app */ = {isa = PBXFileReference; explicitFileType = wrapper.application; includeInIndex = 0; path = DouYuZB.app; sourceTree = BUILT_PRODUCTS_DIR; };
		04F3AF9C20D7F7C10044FBE2 /* AppDelegate.swift */ = {isa = PBXFileReference; lastKnownFileType = sourcecode.swift; path = AppDelegate.swift; sourceTree = "<group>"; };
		04F3AF9E20D7F7C10044FBE2 /* ViewController.swift */ = {isa = PBXFileReference; lastKnownFileType = sourcecode.swift; path = ViewController.swift; sourceTree = "<group>"; };
		04F3AFA120D7F7C10044FBE2 /* Base */ = {isa = PBXFileReference; lastKnownFileType = file.storyboard; name = Base; path = Base.lproj/Main.storyboard; sourceTree = "<group>"; };
		04F3AFA620D7F7C20044FBE2 /* Base */ = {isa = PBXFileReference; lastKnownFileType = file.storyboard; name = Base; path = Base.lproj/LaunchScreen.storyboard; sourceTree = "<group>"; };
		04F3AFA820D7F7C20044FBE2 /* Info.plist */ = {isa = PBXFileReference; lastKnownFileType = text.plist.xml; path = Info.plist; sourceTree = "<group>"; };
		04F3AFAD20D7F7C20044FBE2 /* DouYuZBTests.xctest */ = {isa = PBXFileReference; explicitFileType = wrapper.cfbundle; includeInIndex = 0; path = DouYuZBTests.xctest; sourceTree = BUILT_PRODUCTS_DIR; };
		04F3AFB120D7F7C20044FBE2 /* DouYuZBTests.swift */ = {isa = PBXFileReference; lastKnownFileType = sourcecode.swift; path = DouYuZBTests.swift; sourceTree = "<group>"; };
		04F3AFB320D7F7C20044FBE2 /* Info.plist */ = {isa = PBXFileReference; lastKnownFileType = text.plist.xml; path = Info.plist; sourceTree = "<group>"; };
		04F3AFB820D7F7C20044FBE2 /* DouYuZBUITests.xctest */ = {isa = PBXFileReference; explicitFileType = wrapper.cfbundle; includeInIndex = 0; path = DouYuZBUITests.xctest; sourceTree = BUILT_PRODUCTS_DIR; };
		04F3AFBC20D7F7C20044FBE2 /* DouYuZBUITests.swift */ = {isa = PBXFileReference; lastKnownFileType = sourcecode.swift; path = DouYuZBUITests.swift; sourceTree = "<group>"; };
		04F3AFBE20D7F7C20044FBE2 /* Info.plist */ = {isa = PBXFileReference; lastKnownFileType = text.plist.xml; path = Info.plist; sourceTree = "<group>"; };
		FA0D8CEB20D89AC2006B1722 /* Assets.xcassets */ = {isa = PBXFileReference; lastKnownFileType = folder.assetcatalog; path = Assets.xcassets; sourceTree = "<group>"; };
/* End PBXFileReference section */

/* Begin PBXFrameworksBuildPhase section */
		04F3AF9620D7F7C10044FBE2 /* Frameworks */ = {
			isa = PBXFrameworksBuildPhase;
			buildActionMask = 2147483647;
			files = (
			);
			runOnlyForDeploymentPostprocessing = 0;
		};
		04F3AFAA20D7F7C20044FBE2 /* Frameworks */ = {
			isa = PBXFrameworksBuildPhase;
			buildActionMask = 2147483647;
			files = (
			);
			runOnlyForDeploymentPostprocessing = 0;
		};
		04F3AFB520D7F7C20044FBE2 /* Frameworks */ = {
			isa = PBXFrameworksBuildPhase;
			buildActionMask = 2147483647;
			files = (
			);
			runOnlyForDeploymentPostprocessing = 0;
		};
/* End PBXFrameworksBuildPhase section */

/* Begin PBXGroup section */
		04F3AF9020D7F7C10044FBE2 = {
			isa = PBXGroup;
			children = (
				04F3AF9B20D7F7C10044FBE2 /* DouYuZB */,
				04F3AFB020D7F7C20044FBE2 /* DouYuZBTests */,
				04F3AFBB20D7F7C20044FBE2 /* DouYuZBUITests */,
				04F3AF9A20D7F7C10044FBE2 /* Products */,
			);
			sourceTree = "<group>";
		};
		04F3AF9A20D7F7C10044FBE2 /* Products */ = {
			isa = PBXGroup;
			children = (
				04F3AF9920D7F7C10044FBE2 /* DouYuZB.app */,
				04F3AFAD20D7F7C20044FBE2 /* DouYuZBTests.xctest */,
				04F3AFB820D7F7C20044FBE2 /* DouYuZBUITests.xctest */,
			);
			name = Products;
			sourceTree = "<group>";
		};
		04F3AF9B20D7F7C10044FBE2 /* DouYuZB */ = {
			isa = PBXGroup;
			children = (
				FA0D8D0220D89B8F006B1722 /* Classes */,
				04F3AF9C20D7F7C10044FBE2 /* AppDelegate.swift */,
				04F3AF9E20D7F7C10044FBE2 /* ViewController.swift */,
				04F3AFA020D7F7C10044FBE2 /* Main.storyboard */,
				FA0D8CEB20D89AC2006B1722 /* Assets.xcassets */,
				04F3AFA520D7F7C20044FBE2 /* LaunchScreen.storyboard */,
				04F3AFA820D7F7C20044FBE2 /* Info.plist */,
			);
			path = DouYuZB;
			sourceTree = "<group>";
		};
		04F3AFB020D7F7C20044FBE2 /* DouYuZBTests */ = {
			isa = PBXGroup;
			children = (
				04F3AFB120D7F7C20044FBE2 /* DouYuZBTests.swift */,
				04F3AFB320D7F7C20044FBE2 /* Info.plist */,
			);
			path = DouYuZBTests;
			sourceTree = "<group>";
		};
		04F3AFBB20D7F7C20044FBE2 /* DouYuZBUITests */ = {
			isa = PBXGroup;
			children = (
				04F3AFBC20D7F7C20044FBE2 /* DouYuZBUITests.swift */,
				04F3AFBE20D7F7C20044FBE2 /* Info.plist */,
			);
			path = DouYuZBUITests;
			sourceTree = "<group>";
		};
		FA0D8D0220D89B8F006B1722 /* Classes */ = {
			isa = PBXGroup;
			children = (
				FA0D8D1720D89C74006B1722 /* Tools */,
				FA0D8D0720D89C08006B1722 /* Follow */,
				FA0D8D0420D89C08006B1722 /* Home */,
				FA0D8D0320D89C08006B1722 /* Live */,
				FA0D8D0620D89C08006B1722 /* Main */,
				FA0D8D0520D89C08006B1722 /* Profile */,
			);
			path = Classes;
			sourceTree = "<group>";
		};
		FA0D8D0320D89C08006B1722 /* Live */ = {
			isa = PBXGroup;
			children = (
				FA0D8D0F20D89C4A006B1722 /* Controller */,
				FA0D8D1020D89C4A006B1722 /* Model */,
				FA0D8D0E20D89C4A006B1722 /* View */,
			);
			path = Live;
			sourceTree = "<group>";
		};
		FA0D8D0420D89C08006B1722 /* Home */ = {
			isa = PBXGroup;
			children = (
				FA0D8D0D20D89C3C006B1722 /* Controller */,
				FA0D8D0B20D89C3C006B1722 /* Model */,
				FA0D8D0C20D89C3C006B1722 /* View */,
			);
			path = Home;
			sourceTree = "<group>";
		};
		FA0D8D0520D89C08006B1722 /* Profile */ = {
			isa = PBXGroup;
			children = (
				FA0D8D1520D89C65006B1722 /* Controller */,
				FA0D8D1620D89C65006B1722 /* Model */,
				FA0D8D1420D89C65006B1722 /* View */,
			);
			path = Profile;
			sourceTree = "<group>";
		};
		FA0D8D0620D89C08006B1722 /* Main */ = {
			isa = PBXGroup;
			children = (
				FA0D8D1120D89C55006B1722 /* Controller */,
				FA0D8D1220D89C55006B1722 /* Model */,
				FA0D8D1320D89C55006B1722 /* View */,
			);
			path = Main;
			sourceTree = "<group>";
		};
		FA0D8D0720D89C08006B1722 /* Follow */ = {
			isa = PBXGroup;
			children = (
				FA0D8D0820D89C28006B1722 /* Controller */,
				FA0D8D0A20D89C28006B1722 /* Model */,
				FA0D8D0920D89C28006B1722 /* View */,
			);
			path = Follow;
			sourceTree = "<group>";
		};
		FA0D8D0820D89C28006B1722 /* Controller */ = {
			isa = PBXGroup;
			children = (
			);
			path = Controller;
			sourceTree = "<group>";
		};
		FA0D8D0920D89C28006B1722 /* View */ = {
			isa = PBXGroup;
			children = (
			);
			path = View;
			sourceTree = "<group>";
		};
		FA0D8D0A20D89C28006B1722 /* Model */ = {
			isa = PBXGroup;
			children = (
			);
			path = Model;
			sourceTree = "<group>";
		};
		FA0D8D0B20D89C3C006B1722 /* Model */ = {
			isa = PBXGroup;
			children = (
			);
			path = Model;
			sourceTree = "<group>";
		};
		FA0D8D0C20D89C3C006B1722 /* View */ = {
			isa = PBXGroup;
			children = (
			);
			path = View;
			sourceTree = "<group>";
		};
		FA0D8D0D20D89C3C006B1722 /* Controller */ = {
			isa = PBXGroup;
			children = (
			);
			path = Controller;
			sourceTree = "<group>";
		};
		FA0D8D0E20D89C4A006B1722 /* View */ = {
			isa = PBXGroup;
			children = (
			);
			path = View;
			sourceTree = "<group>";
		};
		FA0D8D0F20D89C4A006B1722 /* Controller */ = {
			isa = PBXGroup;
			children = (
			);
			path = Controller;
			sourceTree = "<group>";
		};
		FA0D8D1020D89C4A006B1722 /* Model */ = {
			isa = PBXGroup;
			children = (
			);
			path = Model;
			sourceTree = "<group>";
		};
		FA0D8D1120D89C55006B1722 /* Controller */ = {
			isa = PBXGroup;
			children = (
			);
			path = Controller;
			sourceTree = "<group>";
		};
		FA0D8D1220D89C55006B1722 /* Model */ = {
			isa = PBXGroup;
			children = (
			);
			path = Model;
			sourceTree = "<group>";
		};
		FA0D8D1320D89C55006B1722 /* View */ = {
			isa = PBXGroup;
			children = (
			);
			path = View;
			sourceTree = "<group>";
		};
		FA0D8D1420D89C65006B1722 /* View */ = {
			isa = PBXGroup;
			children = (
			);
			path = View;
			sourceTree = "<group>";
		};
		FA0D8D1520D89C65006B1722 /* Controller */ = {
			isa = PBXGroup;
			children = (
			);
			path = Controller;
			sourceTree = "<group>";
		};
		FA0D8D1620D89C65006B1722 /* Model */ = {
			isa = PBXGroup;
			children = (
			);
			path = Model;
			sourceTree = "<group>";
		};
		FA0D8D1720D89C74006B1722 /* Tools */ = {
			isa = PBXGroup;
			children = (
			);
			path = Tools;
			sourceTree = "<group>";
		};
/* End PBXGroup section */

/* Begin PBXNativeTarget section */
		04F3AF9820D7F7C10044FBE2 /* DouYuZB */ = {
			isa = PBXNativeTarget;
			buildConfigurationList = 04F3AFC120D7F7C20044FBE2 /* Build configuration list for PBXNativeTarget "DouYuZB" */;
			buildPhases = (
				04F3AF9520D7F7C10044FBE2 /* Sources */,
				04F3AF9620D7F7C10044FBE2 /* Frameworks */,
				04F3AF9720D7F7C10044FBE2 /* Resources */,
			);
			buildRules = (
			);
			dependencies = (
			);
			name = DouYuZB;
			productName = DouYuZB;
			productReference = 04F3AF9920D7F7C10044FBE2 /* DouYuZB.app */;
			productType = "com.apple.product-type.application";
		};
		04F3AFAC20D7F7C20044FBE2 /* DouYuZBTests */ = {
			isa = PBXNativeTarget;
			buildConfigurationList = 04F3AFC420D7F7C20044FBE2 /* Build configuration list for PBXNativeTarget "DouYuZBTests" */;
			buildPhases = (
				04F3AFA920D7F7C20044FBE2 /* Sources */,
				04F3AFAA20D7F7C20044FBE2 /* Frameworks */,
				04F3AFAB20D7F7C20044FBE2 /* Resources */,
			);
			buildRules = (
			);
			dependencies = (
				04F3AFAF20D7F7C20044FBE2 /* PBXTargetDependency */,
			);
			name = DouYuZBTests;
			productName = DouYuZBTests;
			productReference = 04F3AFAD20D7F7C20044FBE2 /* DouYuZBTests.xctest */;
			productType = "com.apple.product-type.bundle.unit-test";
		};
		04F3AFB720D7F7C20044FBE2 /* DouYuZBUITests */ = {
			isa = PBXNativeTarget;
			buildConfigurationList = 04F3AFC720D7F7C20044FBE2 /* Build configuration list for PBXNativeTarget "DouYuZBUITests" */;
			buildPhases = (
				04F3AFB420D7F7C20044FBE2 /* Sources */,
				04F3AFB520D7F7C20044FBE2 /* Frameworks */,
				04F3AFB620D7F7C20044FBE2 /* Resources */,
			);
			buildRules = (
			);
			dependencies = (
				04F3AFBA20D7F7C20044FBE2 /* PBXTargetDependency */,
			);
			name = DouYuZBUITests;
			productName = DouYuZBUITests;
			productReference = 04F3AFB820D7F7C20044FBE2 /* DouYuZBUITests.xctest */;
			productType = "com.apple.product-type.bundle.ui-testing";
		};
/* End PBXNativeTarget section */

/* Begin PBXProject section */
		04F3AF9120D7F7C10044FBE2 /* Project object */ = {
			isa = PBXProject;
			attributes = {
				LastSwiftUpdateCheck = 0930;
				LastUpgradeCheck = 0930;
				ORGANIZATIONNAME = swift;
				TargetAttributes = {
					04F3AF9820D7F7C10044FBE2 = {
						CreatedOnToolsVersion = 9.3;
					};
					04F3AFAC20D7F7C20044FBE2 = {
						CreatedOnToolsVersion = 9.3;
						TestTargetID = 04F3AF9820D7F7C10044FBE2;
					};
					04F3AFB720D7F7C20044FBE2 = {
						CreatedOnToolsVersion = 9.3;
						TestTargetID = 04F3AF9820D7F7C10044FBE2;
					};
				};
			};
			buildConfigurationList = 04F3AF9420D7F7C10044FBE2 /* Build configuration list for PBXProject "DouYuZB" */;
			compatibilityVersion = "Xcode 9.3";
			developmentRegion = en;
			hasScannedForEncodings = 0;
			knownRegions = (
				en,
				Base,
			);
			mainGroup = 04F3AF9020D7F7C10044FBE2;
			productRefGroup = 04F3AF9A20D7F7C10044FBE2 /* Products */;
			projectDirPath = "";
			projectRoot = "";
			targets = (
				04F3AF9820D7F7C10044FBE2 /* DouYuZB */,
				04F3AFAC20D7F7C20044FBE2 /* DouYuZBTests */,
				04F3AFB720D7F7C20044FBE2 /* DouYuZBUITests */,
			);
		};
/* End PBXProject section */

/* Begin PBXResourcesBuildPhase section */
		04F3AF9720D7F7C10044FBE2 /* Resources */ = {
			isa = PBXResourcesBuildPhase;
			buildActionMask = 2147483647;
			files = (
				04F3AFA720D7F7C20044FBE2 /* LaunchScreen.storyboard in Resources */,
				FA0D8CEC20D89AC2006B1722 /* Assets.xcassets in Resources */,
				04F3AFA220D7F7C10044FBE2 /* Main.storyboard in Resources */,
			);
			runOnlyForDeploymentPostprocessing = 0;
		};
		04F3AFAB20D7F7C20044FBE2 /* Resources */ = {
			isa = PBXResourcesBuildPhase;
			buildActionMask = 2147483647;
			files = (
			);
			runOnlyForDeploymentPostprocessing = 0;
		};
		04F3AFB620D7F7C20044FBE2 /* Resources */ = {
			isa = PBXResourcesBuildPhase;
			buildActionMask = 2147483647;
			files = (
			);
			runOnlyForDeploymentPostprocessing = 0;
		};
/* End PBXResourcesBuildPhase section */

/* Begin PBXSourcesBuildPhase section */
		04F3AF9520D7F7C10044FBE2 /* Sources */ = {
			isa = PBXSourcesBuildPhase;
			buildActionMask = 2147483647;
			files = (
				04F3AF9F20D7F7C10044FBE2 /* ViewController.swift in Sources */,
				04F3AF9D20D7F7C10044FBE2 /* AppDelegate.swift in Sources */,
			);
			runOnlyForDeploymentPostprocessing = 0;
		};
		04F3AFA920D7F7C20044FBE2 /* Sources */ = {
			isa = PBXSourcesBuildPhase;
			buildActionMask = 2147483647;
			files = (
				04F3AFB220D7F7C20044FBE2 /* DouYuZBTests.swift in Sources */,
			);
			runOnlyForDeploymentPostprocessing = 0;
		};
		04F3AFB420D7F7C20044FBE2 /* Sources */ = {
			isa = PBXSourcesBuildPhase;
			buildActionMask = 2147483647;
			files = (
				04F3AFBD20D7F7C20044FBE2 /* DouYuZBUITests.swift in Sources */,
			);
			runOnlyForDeploymentPostprocessing = 0;
		};
/* End PBXSourcesBuildPhase section */

/* Begin PBXTargetDependency section */
		04F3AFAF20D7F7C20044FBE2 /* PBXTargetDependency */ = {
			isa = PBXTargetDependency;
			target = 04F3AF9820D7F7C10044FBE2 /* DouYuZB */;
			targetProxy = 04F3AFAE20D7F7C20044FBE2 /* PBXContainerItemProxy */;
		};
		04F3AFBA20D7F7C20044FBE2 /* PBXTargetDependency */ = {
			isa = PBXTargetDependency;
			target = 04F3AF9820D7F7C10044FBE2 /* DouYuZB */;
			targetProxy = 04F3AFB920D7F7C20044FBE2 /* PBXContainerItemProxy */;
		};
/* End PBXTargetDependency section */

/* Begin PBXVariantGroup section */
		04F3AFA020D7F7C10044FBE2 /* Main.storyboard */ = {
			isa = PBXVariantGroup;
			children = (
				04F3AFA120D7F7C10044FBE2 /* Base */,
			);
			name = Main.storyboard;
			sourceTree = "<group>";
		};
		04F3AFA520D7F7C20044FBE2 /* LaunchScreen.storyboard */ = {
			isa = PBXVariantGroup;
			children = (
				04F3AFA620D7F7C20044FBE2 /* Base */,
			);
			name = LaunchScreen.storyboard;
			sourceTree = "<group>";
		};
/* End PBXVariantGroup section */

/* Begin XCBuildConfiguration section */
		04F3AFBF20D7F7C20044FBE2 /* Debug */ = {
			isa = XCBuildConfiguration;
			buildSettings = {
				ALWAYS_SEARCH_USER_PATHS = NO;
				CLANG_ANALYZER_NONNULL = YES;
				CLANG_ANALYZER_NUMBER_OBJECT_CONVERSION = YES_AGGRESSIVE;
				CLANG_CXX_LANGUAGE_STANDARD = "gnu++14";
				CLANG_CXX_LIBRARY = "libc++";
				CLANG_ENABLE_MODULES = YES;
				CLANG_ENABLE_OBJC_ARC = YES;
				CLANG_ENABLE_OBJC_WEAK = YES;
				CLANG_WARN_BLOCK_CAPTURE_AUTORELEASING = YES;
				CLANG_WARN_BOOL_CONVERSION = YES;
				CLANG_WARN_COMMA = YES;
				CLANG_WARN_CONSTANT_CONVERSION = YES;
				CLANG_WARN_DEPRECATED_OBJC_IMPLEMENTATIONS = YES;
				CLANG_WARN_DIRECT_OBJC_ISA_USAGE = YES_ERROR;
				CLANG_WARN_DOCUMENTATION_COMMENTS = YES;
				CLANG_WARN_EMPTY_BODY = YES;
				CLANG_WARN_ENUM_CONVERSION = YES;
				CLANG_WARN_INFINITE_RECURSION = YES;
				CLANG_WARN_INT_CONVERSION = YES;
				CLANG_WARN_NON_LITERAL_NULL_CONVERSION = YES;
				CLANG_WARN_OBJC_IMPLICIT_RETAIN_SELF = YES;
				CLANG_WARN_OBJC_LITERAL_CONVERSION = YES;
				CLANG_WARN_OBJC_ROOT_CLASS = YES_ERROR;
				CLANG_WARN_RANGE_LOOP_ANALYSIS = YES;
				CLANG_WARN_STRICT_PROTOTYPES = YES;
				CLANG_WARN_SUSPICIOUS_MOVE = YES;
				CLANG_WARN_UNGUARDED_AVAILABILITY = YES_AGGRESSIVE;
				CLANG_WARN_UNREACHABLE_CODE = YES;
				CLANG_WARN__DUPLICATE_METHOD_MATCH = YES;
				CODE_SIGN_IDENTITY = "iPhone Developer";
				COPY_PHASE_STRIP = NO;
				DEBUG_INFORMATION_FORMAT = dwarf;
				ENABLE_STRICT_OBJC_MSGSEND = YES;
				ENABLE_TESTABILITY = YES;
				GCC_C_LANGUAGE_STANDARD = gnu11;
				GCC_DYNAMIC_NO_PIC = NO;
				GCC_NO_COMMON_BLOCKS = YES;
				GCC_OPTIMIZATION_LEVEL = 0;
				GCC_PREPROCESSOR_DEFINITIONS = (
					"DEBUG=1",
					"$(inherited)",
				);
				GCC_WARN_64_TO_32_BIT_CONVERSION = YES;
				GCC_WARN_ABOUT_RETURN_TYPE = YES_ERROR;
				GCC_WARN_UNDECLARED_SELECTOR = YES;
				GCC_WARN_UNINITIALIZED_AUTOS = YES_AGGRESSIVE;
				GCC_WARN_UNUSED_FUNCTION = YES;
				GCC_WARN_UNUSED_VARIABLE = YES;
				IPHONEOS_DEPLOYMENT_TARGET = 11.3;
				MTL_ENABLE_DEBUG_INFO = YES;
				ONLY_ACTIVE_ARCH = YES;
				SDKROOT = iphoneos;
				SWIFT_ACTIVE_COMPILATION_CONDITIONS = DEBUG;
				SWIFT_OPTIMIZATION_LEVEL = "-Onone";
			};
			name = Debug;
		};
		04F3AFC020D7F7C20044FBE2 /* Release */ = {
			isa = XCBuildConfiguration;
			buildSettings = {
				ALWAYS_SEARCH_USER_PATHS = NO;
				CLANG_ANALYZER_NONNULL = YES;
				CLANG_ANALYZER_NUMBER_OBJECT_CONVERSION = YES_AGGRESSIVE;
				CLANG_CXX_LANGUAGE_STANDARD = "gnu++14";
				CLANG_CXX_LIBRARY = "libc++";
				CLANG_ENABLE_MODULES = YES;
				CLANG_ENABLE_OBJC_ARC = YES;
				CLANG_ENABLE_OBJC_WEAK = YES;
				CLANG_WARN_BLOCK_CAPTURE_AUTORELEASING = YES;
				CLANG_WARN_BOOL_CONVERSION = YES;
				CLANG_WARN_COMMA = YES;
				CLANG_WARN_CONSTANT_CONVERSION = YES;
				CLANG_WARN_DEPRECATED_OBJC_IMPLEMENTATIONS = YES;
				CLANG_WARN_DIRECT_OBJC_ISA_USAGE = YES_ERROR;
				CLANG_WARN_DOCUMENTATION_COMMENTS = YES;
				CLANG_WARN_EMPTY_BODY = YES;
				CLANG_WARN_ENUM_CONVERSION = YES;
				CLANG_WARN_INFINITE_RECURSION = YES;
				CLANG_WARN_INT_CONVERSION = YES;
				CLANG_WARN_NON_LITERAL_NULL_CONVERSION = YES;
				CLANG_WARN_OBJC_IMPLICIT_RETAIN_SELF = YES;
				CLANG_WARN_OBJC_LITERAL_CONVERSION = YES;
				CLANG_WARN_OBJC_ROOT_CLASS = YES_ERROR;
				CLANG_WARN_RANGE_LOOP_ANALYSIS = YES;
				CLANG_WARN_STRICT_PROTOTYPES = YES;
				CLANG_WARN_SUSPICIOUS_MOVE = YES;
				CLANG_WARN_UNGUARDED_AVAILABILITY = YES_AGGRESSIVE;
				CLANG_WARN_UNREACHABLE_CODE = YES;
				CLANG_WARN__DUPLICATE_METHOD_MATCH = YES;
				CODE_SIGN_IDENTITY = "iPhone Developer";
				COPY_PHASE_STRIP = NO;
				DEBUG_INFORMATION_FORMAT = "dwarf-with-dsym";
				ENABLE_NS_ASSERTIONS = NO;
				ENABLE_STRICT_OBJC_MSGSEND = YES;
				GCC_C_LANGUAGE_STANDARD = gnu11;
				GCC_NO_COMMON_BLOCKS = YES;
				GCC_WARN_64_TO_32_BIT_CONVERSION = YES;
				GCC_WARN_ABOUT_RETURN_TYPE = YES_ERROR;
				GCC_WARN_UNDECLARED_SELECTOR = YES;
				GCC_WARN_UNINITIALIZED_AUTOS = YES_AGGRESSIVE;
				GCC_WARN_UNUSED_FUNCTION = YES;
				GCC_WARN_UNUSED_VARIABLE = YES;
				IPHONEOS_DEPLOYMENT_TARGET = 11.3;
				MTL_ENABLE_DEBUG_INFO = NO;
				SDKROOT = iphoneos;
				SWIFT_COMPILATION_MODE = wholemodule;
				SWIFT_OPTIMIZATION_LEVEL = "-O";
				VALIDATE_PRODUCT = YES;
			};
			name = Release;
		};
		04F3AFC220D7F7C20044FBE2 /* Debug */ = {
			isa = XCBuildConfiguration;
			buildSettings = {
				ASSETCATALOG_COMPILER_APPICON_NAME = AppIcon;
				CODE_SIGN_STYLE = Automatic;
				DEVELOPMENT_TEAM = AX6R6NWJ82;
				INFOPLIST_FILE = DouYuZB/Info.plist;
				LD_RUNPATH_SEARCH_PATHS = (
					"$(inherited)",
					"@executable_path/Frameworks",
				);
				PRODUCT_BUNDLE_IDENTIFIER = swift.DouYuZB;
				PRODUCT_NAME = "$(TARGET_NAME)";
				SWIFT_VERSION = 4.0;
				TARGETED_DEVICE_FAMILY = "1,2";
			};
			name = Debug;
		};
		04F3AFC320D7F7C20044FBE2 /* Release */ = {
			isa = XCBuildConfiguration;
			buildSettings = {
				ASSETCATALOG_COMPILER_APPICON_NAME = AppIcon;
				CODE_SIGN_STYLE = Automatic;
				DEVELOPMENT_TEAM = AX6R6NWJ82;
				INFOPLIST_FILE = DouYuZB/Info.plist;
				LD_RUNPATH_SEARCH_PATHS = (
					"$(inherited)",
					"@executable_path/Frameworks",
				);
				PRODUCT_BUNDLE_IDENTIFIER = swift.DouYuZB;
				PRODUCT_NAME = "$(TARGET_NAME)";
				SWIFT_VERSION = 4.0;
				TARGETED_DEVICE_FAMILY = "1,2";
			};
			name = Release;
		};
		04F3AFC520D7F7C20044FBE2 /* Debug */ = {
			isa = XCBuildConfiguration;
			buildSettings = {
				ALWAYS_EMBED_SWIFT_STANDARD_LIBRARIES = YES;
				BUNDLE_LOADER = "$(TEST_HOST)";
				CODE_SIGN_STYLE = Automatic;
				DEVELOPMENT_TEAM = AX6R6NWJ82;
				INFOPLIST_FILE = DouYuZBTests/Info.plist;
				LD_RUNPATH_SEARCH_PATHS = (
					"$(inherited)",
					"@executable_path/Frameworks",
					"@loader_path/Frameworks",
				);
				PRODUCT_BUNDLE_IDENTIFIER = swift.DouYuZBTests;
				PRODUCT_NAME = "$(TARGET_NAME)";
				SWIFT_VERSION = 4.0;
				TARGETED_DEVICE_FAMILY = "1,2";
				TEST_HOST = "$(BUILT_PRODUCTS_DIR)/DouYuZB.app/DouYuZB";
			};
			name = Debug;
		};
		04F3AFC620D7F7C20044FBE2 /* Release */ = {
			isa = XCBuildConfiguration;
			buildSettings = {
				ALWAYS_EMBED_SWIFT_STANDARD_LIBRARIES = YES;
				BUNDLE_LOADER = "$(TEST_HOST)";
				CODE_SIGN_STYLE = Automatic;
				DEVELOPMENT_TEAM = AX6R6NWJ82;
				INFOPLIST_FILE = DouYuZBTests/Info.plist;
				LD_RUNPATH_SEARCH_PATHS = (
					"$(inherited)",
					"@executable_path/Frameworks",
					"@loader_path/Frameworks",
				);
				PRODUCT_BUNDLE_IDENTIFIER = swift.DouYuZBTests;
				PRODUCT_NAME = "$(TARGET_NAME)";
				SWIFT_VERSION = 4.0;
				TARGETED_DEVICE_FAMILY = "1,2";
				TEST_HOST = "$(BUILT_PRODUCTS_DIR)/DouYuZB.app/DouYuZB";
			};
			name = Release;
		};
		04F3AFC820D7F7C20044FBE2 /* Debug */ = {
			isa = XCBuildConfiguration;
			buildSettings = {
				ALWAYS_EMBED_SWIFT_STANDARD_LIBRARIES = YES;
				CODE_SIGN_STYLE = Automatic;
				DEVELOPMENT_TEAM = AX6R6NWJ82;
				INFOPLIST_FILE = DouYuZBUITests/Info.plist;
				LD_RUNPATH_SEARCH_PATHS = (
					"$(inherited)",
					"@executable_path/Frameworks",
					"@loader_path/Frameworks",
				);
				PRODUCT_BUNDLE_IDENTIFIER = swift.DouYuZBUITests;
				PRODUCT_NAME = "$(TARGET_NAME)";
				SWIFT_VERSION = 4.0;
				TARGETED_DEVICE_FAMILY = "1,2";
				TEST_TARGET_NAME = DouYuZB;
			};
			name = Debug;
		};
		04F3AFC920D7F7C20044FBE2 /* Release */ = {
			isa = XCBuildConfiguration;
			buildSettings = {
				ALWAYS_EMBED_SWIFT_STANDARD_LIBRARIES = YES;
				CODE_SIGN_STYLE = Automatic;
				DEVELOPMENT_TEAM = AX6R6NWJ82;
				INFOPLIST_FILE = DouYuZBUITests/Info.plist;
				LD_RUNPATH_SEARCH_PATHS = (
					"$(inherited)",
					"@executable_path/Frameworks",
					"@loader_path/Frameworks",
				);
				PRODUCT_BUNDLE_IDENTIFIER = swift.DouYuZBUITests;
				PRODUCT_NAME = "$(TARGET_NAME)";
				SWIFT_VERSION = 4.0;
				TARGETED_DEVICE_FAMILY = "1,2";
				TEST_TARGET_NAME = DouYuZB;
			};
			name = Release;
		};
/* End XCBuildConfiguration section */

/* Begin XCConfigurationList section */
		04F3AF9420D7F7C10044FBE2 /* Build configuration list for PBXProject "DouYuZB" */ = {
			isa = XCConfigurationList;
			buildConfigurations = (
				04F3AFBF20D7F7C20044FBE2 /* Debug */,
				04F3AFC020D7F7C20044FBE2 /* Release */,
			);
			defaultConfigurationIsVisible = 0;
			defaultConfigurationName = Release;
		};
		04F3AFC120D7F7C20044FBE2 /* Build configuration list for PBXNativeTarget "DouYuZB" */ = {
			isa = XCConfigurationList;
			buildConfigurations = (
				04F3AFC220D7F7C20044FBE2 /* Debug */,
				04F3AFC320D7F7C20044FBE2 /* Release */,
			);
			defaultConfigurationIsVisible = 0;
			defaultConfigurationName = Release;
		};
		04F3AFC420D7F7C20044FBE2 /* Build configuration list for PBXNativeTarget "DouYuZBTests" */ = {
			isa = XCConfigurationList;
			buildConfigurations = (
				04F3AFC520D7F7C20044FBE2 /* Debug */,
				04F3AFC620D7F7C20044FBE2 /* Release */,
			);
			defaultConfigurationIsVisible = 0;
			defaultConfigurationName = Release;
		};
		04F3AFC720D7F7C20044FBE2 /* Build configuration list for PBXNativeTarget "DouYuZBUITests" */ = {
			isa = XCConfigurationList;
			buildConfigurations = (
				04F3AFC820D7F7C20044FBE2 /* Debug */,
				04F3AFC920D7F7C20044FBE2 /* Release */,
			);
			defaultConfigurationIsVisible = 0;
			defaultConfigurationName = Release;
		};
/* End XCConfigurationList section */
	};
	rootObject = 04F3AF9120D7F7C10044FBE2 /* Project object */;
}
